{
  "originHash" : "86bdc1e00ff72b95dfd763ce1d9e05fb936efe8daca0518fabd62fa0437464eb",
  "pins" : [
    {
      "identity" : "swift-argument-parser",
      "kind" : "remoteSourceControl",
      "location" : "https://github.com/apple/swift-argument-parser",
      "state" : {
        "revision" : "309a47b2b1d9b5e991f36961c983ecec72275be3",
        "version" : "1.6.1"
      }
    }
  ],
  "version" : 3
}
